// !$*UTF8*$!
{
	archiveVersion = 1;
	classes = {
	};
	objectVersion = 56;
	objects = {

/* Begin PBXBuildFile section */
		F12F33F32BE9130F00D4FE63 /* AppDelegate.swift in Sources */ = {isa = PBXBuildFile; fileRef = F12F33F22BE9130F00D4FE63 /* AppDelegate.swift */; };
		F12F33F52BE9130F00D4FE63 /* SceneDelegate.swift in Sources */ = {isa = PBXBuildFile; fileRef = F12F33F42BE9130F00D4FE63 /* SceneDelegate.swift */; };
		F12F33F72BE9130F00D4FE63 /* ViewController.swift in Sources */ = {isa = PBXBuildFile; fileRef = F12F33F62BE9130F00D4FE63 /* ViewController.swift */; };
		F12F33FA2BE9130F00D4FE63 /* Base in Resources */ = {isa = PBXBuildFile; fileRef = F12F33F92BE9130F00D4FE63 /* Base */; };
		F12F33FD2BE9130F00D4FE63 /* BookApp.xcdatamodeld in Sources */ = {isa = PBXBuildFile; fileRef = F12F33FB2BE9130F00D4FE63 /* BookApp.xcdatamodeld */; };
		F12F33FF2BE9131100D4FE63 /* Assets.xcassets in Resources */ = {isa = PBXBuildFile; fileRef = F12F33FE2BE9131100D4FE63 /* Assets.xcassets */; };
		F12F34022BE9131100D4FE63 /* Base in Resources */ = {isa = PBXBuildFile; fileRef = F12F34012BE9131100D4FE63 /* Base */; };
		F12F340B2BE9138700D4FE63 /* APIDataManager.swift in Sources */ = {isa = PBXBuildFile; fileRef = F12F340A2BE9138700D4FE63 /* APIDataManager.swift */; };
		F12F340D2BE913A100D4FE63 /* BookData.swift in Sources */ = {isa = PBXBuildFile; fileRef = F12F340C2BE913A100D4FE63 /* BookData.swift */; };
		F12F34132BE913FA00D4FE63 /* SnapKit in Frameworks */ = {isa = PBXBuildFile; productRef = F12F34122BE913FA00D4FE63 /* SnapKit */; };
		F12F34152BE913FA00D4FE63 /* SnapKit-Dynamic in Frameworks */ = {isa = PBXBuildFile; productRef = F12F34142BE913FA00D4FE63 /* SnapKit-Dynamic */; };
		F12F341C2BE9177800D4FE63 /* SecondViewController.swift in Sources */ = {isa = PBXBuildFile; fileRef = F12F341B2BE9177800D4FE63 /* SecondViewController.swift */; };
		F17D8C102BEA25BB007CA74A /* DetailVeiwController.swift in Sources */ = {isa = PBXBuildFile; fileRef = F17D8C0F2BEA25BB007CA74A /* DetailVeiwController.swift */; };
		F1A550DA2BEDA412000772BB /* CoreData .swift in Sources */ = {isa = PBXBuildFile; fileRef = F1A550D92BEDA412000772BB /* CoreData .swift */; };
		F1A550DC2BEDA41A000772BB /* CoreDataManager.swift in Sources */ = {isa = PBXBuildFile; fileRef = F1A550DB2BEDA41A000772BB /* CoreDataManager.swift */; };
/* End PBXBuildFile section */

/* Begin PBXFileReference section */
		F12F33EF2BE9130F00D4FE63 /* BookApp.app */ = {isa = PBXFileReference; explicitFileType = wrapper.application; includeInIndex = 0; path = BookApp.app; sourceTree = BUILT_PRODUCTS_DIR; };
		F12F33F22BE9130F00D4FE63 /* AppDelegate.swift */ = {isa = PBXFileReference; lastKnownFileType = sourcecode.swift; path = AppDelegate.swift; sourceTree = "<group>"; };
		F12F33F42BE9130F00D4FE63 /* SceneDelegate.swift */ = {isa = PBXFileReference; lastKnownFileType = sourcecode.swift; path = SceneDelegate.swift; sourceTree = "<group>"; };
		F12F33F62BE9130F00D4FE63 /* ViewController.swift */ = {isa = PBXFileReference; lastKnownFileType = sourcecode.swift; path = ViewController.swift; sourceTree = "<group>"; };
		F12F33F92BE9130F00D4FE63 /* Base */ = {isa = PBXFileReference; lastKnownFileType = file.storyboard; name = Base; path = Base.lproj/Main.storyboard; sourceTree = "<group>"; };
		F12F33FC2BE9130F00D4FE63 /* BookApp.xcdatamodel */ = {isa = PBXFileReference; lastKnownFileType = wrapper.xcdatamodel; path = BookApp.xcdatamodel; sourceTree = "<group>"; };
		F12F33FE2BE9131100D4FE63 /* Assets.xcassets */ = {isa = PBXFileReference; lastKnownFileType = folder.assetcatalog; path = Assets.xcassets; sourceTree = "<group>"; };
		F12F34012BE9131100D4FE63 /* Base */ = {isa = PBXFileReference; lastKnownFileType = file.storyboard; name = Base; path = Base.lproj/LaunchScreen.storyboard; sourceTree = "<group>"; };
		F12F34032BE9131100D4FE63 /* Info.plist */ = {isa = PBXFileReference; lastKnownFileType = text.plist.xml; path = Info.plist; sourceTree = "<group>"; };
		F12F340A2BE9138700D4FE63 /* APIDataManager.swift */ = {isa = PBXFileReference; lastKnownFileType = sourcecode.swift; path = APIDataManager.swift; sourceTree = "<group>"; };
		F12F340C2BE913A100D4FE63 /* BookData.swift */ = {isa = PBXFileReference; lastKnownFileType = sourcecode.swift; path = BookData.swift; sourceTree = "<group>"; };
		F12F34162BE9143400D4FE63 /* Config.xcconfig */ = {isa = PBXFileReference; lastKnownFileType = text.xcconfig; path = Config.xcconfig; sourceTree = "<group>"; };
		F12F341B2BE9177800D4FE63 /* SecondViewController.swift */ = {isa = PBXFileReference; lastKnownFileType = sourcecode.swift; path = SecondViewController.swift; sourceTree = "<group>"; };
		F17D8C0F2BEA25BB007CA74A /* DetailVeiwController.swift */ = {isa = PBXFileReference; lastKnownFileType = sourcecode.swift; path = DetailVeiwController.swift; sourceTree = "<group>"; };
		F1A550D92BEDA412000772BB /* CoreData .swift */ = {isa = PBXFileReference; fileEncoding = 4; lastKnownFileType = sourcecode.swift; path = "CoreData .swift"; sourceTree = "<group>"; };
		F1A550DB2BEDA41A000772BB /* CoreDataManager.swift */ = {isa = PBXFileReference; fileEncoding = 4; lastKnownFileType = sourcecode.swift; path = CoreDataManager.swift; sourceTree = "<group>"; };
/* End PBXFileReference section */

/* Begin PBXFrameworksBuildPhase section */
		F12F33EC2BE9130F00D4FE63 /* Frameworks */ = {
			isa = PBXFrameworksBuildPhase;
			buildActionMask = 2147483647;
			files = (
				F12F34132BE913FA00D4FE63 /* SnapKit in Frameworks */,
				F12F34152BE913FA00D4FE63 /* SnapKit-Dynamic in Frameworks */,
			);
			runOnlyForDeploymentPostprocessing = 0;
		};
/* End PBXFrameworksBuildPhase section */

/* Begin PBXGroup section */
		F12F33E62BE9130F00D4FE63 = {
			isa = PBXGroup;
			children = (
				F12F33F12BE9130F00D4FE63 /* BookApp */,
				F12F33F02BE9130F00D4FE63 /* Products */,
			);
			sourceTree = "<group>";
		};
		F12F33F02BE9130F00D4FE63 /* Products */ = {
			isa = PBXGroup;
			children = (
				F12F33EF2BE9130F00D4FE63 /* BookApp.app */,
			);
			name = Products;
			sourceTree = "<group>";
		};
		F12F33F12BE9130F00D4FE63 /* BookApp */ = {
			isa = PBXGroup;
			children = (
				F12F33F22BE9130F00D4FE63 /* AppDelegate.swift */,
				F12F33F42BE9130F00D4FE63 /* SceneDelegate.swift */,
				F12F34092BE9136D00D4FE63 /* Model */,
				F12F34102BE913C400D4FE63 /* VC */,
				F12F33FE2BE9131100D4FE63 /* Assets.xcassets */,
				F12F33F82BE9130F00D4FE63 /* Main.storyboard */,
				F12F34002BE9131100D4FE63 /* LaunchScreen.storyboard */,
				F12F34032BE9131100D4FE63 /* Info.plist */,
				F12F33FB2BE9130F00D4FE63 /* BookApp.xcdatamodeld */,
				F12F34162BE9143400D4FE63 /* Config.xcconfig */,
			);
			path = BookApp;
			sourceTree = "<group>";
		};
		F12F34092BE9136D00D4FE63 /* Model */ = {
			isa = PBXGroup;
			children = (
				F1A550DB2BEDA41A000772BB /* CoreDataManager.swift */,
				F1A550D92BEDA412000772BB /* CoreData .swift */,
				F12F340A2BE9138700D4FE63 /* APIDataManager.swift */,
				F12F340C2BE913A100D4FE63 /* BookData.swift */,
			);
			path = Model;
			sourceTree = "<group>";
		};
		F12F34102BE913C400D4FE63 /* VC */ = {
			isa = PBXGroup;
			children = (
				F12F33F62BE9130F00D4FE63 /* ViewController.swift */,
				F17D8C0F2BEA25BB007CA74A /* DetailVeiwController.swift */,
				F12F341B2BE9177800D4FE63 /* SecondViewController.swift */,
			);
			path = VC;
			sourceTree = "<group>";
		};
/* End PBXGroup section */

/* Begin PBXNativeTarget section */
		F12F33EE2BE9130F00D4FE63 /* BookApp */ = {
			isa = PBXNativeTarget;
			buildConfigurationList = F12F34062BE9131100D4FE63 /* Build configuration list for PBXNativeTarget "BookApp" */;
			buildPhases = (
				F12F33EB2BE9130F00D4FE63 /* Sources */,
				F12F33EC2BE9130F00D4FE63 /* Frameworks */,
				F12F33ED2BE9130F00D4FE63 /* Resources */,
			);
			buildRules = (
			);
			dependencies = (
			);
			name = BookApp;
			packageProductDependencies = (
				F12F34122BE913FA00D4FE63 /* SnapKit */,
				F12F34142BE913FA00D4FE63 /* SnapKit-Dynamic */,
			);
			productName = BookApp;
			productReference = F12F33EF2BE9130F00D4FE63 /* BookApp.app */;
			productType = "com.apple.product-type.application";
		};
/* End PBXNativeTarget section */

/* Begin PBXProject section */
		F12F33E72BE9130F00D4FE63 /* Project object */ = {
			isa = PBXProject;
			attributes = {
				BuildIndependentTargetsInParallel = 1;
				LastSwiftUpdateCheck = 1530;
				LastUpgradeCheck = 1530;
				TargetAttributes = {
					F12F33EE2BE9130F00D4FE63 = {
						CreatedOnToolsVersion = 15.3;
					};
				};
			};
			buildConfigurationList = F12F33EA2BE9130F00D4FE63 /* Build configuration list for PBXProject "BookApp" */;
			compatibilityVersion = "Xcode 14.0";
			developmentRegion = en;
			hasScannedForEncodings = 0;
			knownRegions = (
				en,
				Base,
			);
			mainGroup = F12F33E62BE9130F00D4FE63;
			packageReferences = (
				F12F34112BE913FA00D4FE63 /* XCRemoteSwiftPackageReference "SnapKit" */,
			);
			productRefGroup = F12F33F02BE9130F00D4FE63 /* Products */;
			projectDirPath = "";
			projectRoot = "";
			targets = (
				F12F33EE2BE9130F00D4FE63 /* BookApp */,
			);
		};
/* End PBXProject section */

/* Begin PBXResourcesBuildPhase section */
		F12F33ED2BE9130F00D4FE63 /* Resources */ = {
			isa = PBXResourcesBuildPhase;
			buildActionMask = 2147483647;
			files = (
				F12F33FF2BE9131100D4FE63 /* Assets.xcassets in Resources */,
				F12F34022BE9131100D4FE63 /* Base in Resources */,
				F12F33FA2BE9130F00D4FE63 /* Base in Resources */,
			);
			runOnlyForDeploymentPostprocessing = 0;
		};
/* End PBXResourcesBuildPhase section */

/* Begin PBXSourcesBuildPhase section */
		F12F33EB2BE9130F00D4FE63 /* Sources */ = {
			isa = PBXSourcesBuildPhase;
			buildActionMask = 2147483647;
			files = (
				F12F33FD2BE9130F00D4FE63 /* BookApp.xcdatamodeld in Sources */,
				F1A550DA2BEDA412000772BB /* CoreData .swift in Sources */,
				F12F340B2BE9138700D4FE63 /* APIDataManager.swift in Sources */,
				F12F340D2BE913A100D4FE63 /* BookData.swift in Sources */,
				F12F341C2BE9177800D4FE63 /* SecondViewController.swift in Sources */,
				F12F33F72BE9130F00D4FE63 /* ViewController.swift in Sources */,
				F17D8C102BEA25BB007CA74A /* DetailVeiwController.swift in Sources */,
				F12F33F32BE9130F00D4FE63 /* AppDelegate.swift in Sources */,
				F1A550DC2BEDA41A000772BB /* CoreDataManager.swift in Sources */,
				F12F33F52BE9130F00D4FE63 /* SceneDelegate.swift in Sources */,
			);
			runOnlyForDeploymentPostprocessing = 0;
		};
/* End PBXSourcesBuildPhase section */

/* Begin PBXVariantGroup section */
		F12F33F82BE9130F00D4FE63 /* Main.storyboard */ = {
			isa = PBXVariantGroup;
			children = (
				F12F33F92BE9130F00D4FE63 /* Base */,
			);
			name = Main.storyboard;
			sourceTree = "<group>";
		};
		F12F34002BE9131100D4FE63 /* LaunchScreen.storyboard */ = {
			isa = PBXVariantGroup;
			children = (
				F12F34012BE9131100D4FE63 /* Base */,
			);
			name = LaunchScreen.storyboard;
			sourceTree = "<group>";
		};
/* End PBXVariantGroup section */

/* Begin XCBuildConfiguration section */
		F12F34042BE9131100D4FE63 /* Debug */ = {
			isa = XCBuildConfiguration;
			buildSettings = {
				ALWAYS_SEARCH_USER_PATHS = NO;
				ASSETCATALOG_COMPILER_GENERATE_SWIFT_ASSET_SYMBOL_EXTENSIONS = YES;
				CLANG_ANALYZER_NONNULL = YES;
				CLANG_ANALYZER_NUMBER_OBJECT_CONVERSION = YES_AGGRESSIVE;
				CLANG_CXX_LANGUAGE_STANDARD = "gnu++20";
				CLANG_ENABLE_MODULES = YES;
				CLANG_ENABLE_OBJC_ARC = YES;
				CLANG_ENABLE_OBJC_WEAK = YES;
				CLANG_WARN_BLOCK_CAPTURE_AUTORELEASING = YES;
				CLANG_WARN_BOOL_CONVERSION = YES;
				CLANG_WARN_COMMA = YES;
				CLANG_WARN_CONSTANT_CONVERSION = YES;
				CLANG_WARN_DEPRECATED_OBJC_IMPLEMENTATIONS = YES;
				CLANG_WARN_DIRECT_OBJC_ISA_USAGE = YES_ERROR;
				CLANG_WARN_DOCUMENTATION_COMMENTS = YES;
				CLANG_WARN_EMPTY_BODY = YES;
				CLANG_WARN_ENUM_CONVERSION = YES;
				CLANG_WARN_INFINITE_RECURSION = YES;
				CLANG_WARN_INT_CONVERSION = YES;
				CLANG_WARN_NON_LITERAL_NULL_CONVERSION = YES;
				CLANG_WARN_OBJC_IMPLICIT_RETAIN_SELF = YES;
				CLANG_WARN_OBJC_LITERAL_CONVERSION = YES;
				CLANG_WARN_OBJC_ROOT_CLASS = YES_ERROR;
				CLANG_WARN_QUOTED_INCLUDE_IN_FRAMEWORK_HEADER = YES;
				CLANG_WARN_RANGE_LOOP_ANALYSIS = YES;
				CLANG_WARN_STRICT_PROTOTYPES = YES;
				CLANG_WARN_SUSPICIOUS_MOVE = YES;
				CLANG_WARN_UNGUARDED_AVAILABILITY = YES_AGGRESSIVE;
				CLANG_WARN_UNREACHABLE_CODE = YES;
				CLANG_WARN__DUPLICATE_METHOD_MATCH = YES;
				COPY_PHASE_STRIP = NO;
				DEBUG_INFORMATION_FORMAT = dwarf;
				ENABLE_STRICT_OBJC_MSGSEND = YES;
				ENABLE_TESTABILITY = YES;
				ENABLE_USER_SCRIPT_SANDBOXING = YES;
				GCC_C_LANGUAGE_STANDARD = gnu17;
				GCC_DYNAMIC_NO_PIC = NO;
				GCC_NO_COMMON_BLOCKS = YES;
				GCC_OPTIMIZATION_LEVEL = 0;
				GCC_PREPROCESSOR_DEFINITIONS = (
					"DEBUG=1",
					"$(inherited)",
				);
				GCC_WARN_64_TO_32_BIT_CONVERSION = YES;
				GCC_WARN_ABOUT_RETURN_TYPE = YES_ERROR;
				GCC_WARN_UNDECLARED_SELECTOR = YES;
				GCC_WARN_UNINITIALIZED_AUTOS = YES_AGGRESSIVE;
				GCC_WARN_UNUSED_FUNCTION = YES;
				GCC_WARN_UNUSED_VARIABLE = YES;
				IPHONEOS_DEPLOYMENT_TARGET = 17.4;
				LOCALIZATION_PREFERS_STRING_CATALOGS = YES;
				MTL_ENABLE_DEBUG_INFO = INCLUDE_SOURCE;
				MTL_FAST_MATH = YES;
				ONLY_ACTIVE_ARCH = YES;
				SDKROOT = iphoneos;
				SWIFT_ACTIVE_COMPILATION_CONDITIONS = "DEBUG $(inherited)";
				SWIFT_OPTIMIZATION_LEVEL = "-Onone";
			};
			name = Debug;
		};
		F12F34052BE9131100D4FE63 /* Release */ = {
			isa = XCBuildConfiguration;
			buildSettings = {
				ALWAYS_SEARCH_USER_PATHS = NO;
				ASSETCATALOG_COMPILER_GENERATE_SWIFT_ASSET_SYMBOL_EXTENSIONS = YES;
				CLANG_ANALYZER_NONNULL = YES;
				CLANG_ANALYZER_NUMBER_OBJECT_CONVERSION = YES_AGGRESSIVE;
				CLANG_CXX_LANGUAGE_STANDARD = "gnu++20";
				CLANG_ENABLE_MODULES = YES;
				CLANG_ENABLE_OBJC_ARC = YES;
				CLANG_ENABLE_OBJC_WEAK = YES;
				CLANG_WARN_BLOCK_CAPTURE_AUTORELEASING = YES;
				CLANG_WARN_BOOL_CONVERSION = YES;
				CLANG_WARN_COMMA = YES;
				CLANG_WARN_CONSTANT_CONVERSION = YES;
				CLANG_WARN_DEPRECATED_OBJC_IMPLEMENTATIONS = YES;
				CLANG_WARN_DIRECT_OBJC_ISA_USAGE = YES_ERROR;
				CLANG_WARN_DOCUMENTATION_COMMENTS = YES;
				CLANG_WARN_EMPTY_BODY = YES;
				CLANG_WARN_ENUM_CONVERSION = YES;
				CLANG_WARN_INFINITE_RECURSION = YES;
				CLANG_WARN_INT_CONVERSION = YES;
				CLANG_WARN_NON_LITERAL_NULL_CONVERSION = YES;
				CLANG_WARN_OBJC_IMPLICIT_RETAIN_SELF = YES;
				CLANG_WARN_OBJC_LITERAL_CONVERSION = YES;
				CLANG_WARN_OBJC_ROOT_CLASS = YES_ERROR;
				CLANG_WARN_QUOTED_INCLUDE_IN_FRAMEWORK_HEADER = YES;
				CLANG_WARN_RANGE_LOOP_ANALYSIS = YES;
				CLANG_WARN_STRICT_PROTOTYPES = YES;
				CLANG_WARN_SUSPICIOUS_MOVE = YES;
				CLANG_WARN_UNGUARDED_AVAILABILITY = YES_AGGRESSIVE;
				CLANG_WARN_UNREACHABLE_CODE = YES;
				CLANG_WARN__DUPLICATE_METHOD_MATCH = YES;
				COPY_PHASE_STRIP = NO;
				DEBUG_INFORMATION_FORMAT = "dwarf-with-dsym";
				ENABLE_NS_ASSERTIONS = NO;
				ENABLE_STRICT_OBJC_MSGSEND = YES;
				ENABLE_USER_SCRIPT_SANDBOXING = YES;
				GCC_C_LANGUAGE_STANDARD = gnu17;
				GCC_NO_COMMON_BLOCKS = YES;
				GCC_WARN_64_TO_32_BIT_CONVERSION = YES;
				GCC_WARN_ABOUT_RETURN_TYPE = YES_ERROR;
				GCC_WARN_UNDECLARED_SELECTOR = YES;
				GCC_WARN_UNINITIALIZED_AUTOS = YES_AGGRESSIVE;
				GCC_WARN_UNUSED_FUNCTION = YES;
				GCC_WARN_UNUSED_VARIABLE = YES;
				IPHONEOS_DEPLOYMENT_TARGET = 17.4;
				LOCALIZATION_PREFERS_STRING_CATALOGS = YES;
				MTL_ENABLE_DEBUG_INFO = NO;
				MTL_FAST_MATH = YES;
				SDKROOT = iphoneos;
				SWIFT_COMPILATION_MODE = wholemodule;
				VALIDATE_PRODUCT = YES;
			};
			name = Release;
		};
		F12F34072BE9131100D4FE63 /* Debug */ = {
			isa = XCBuildConfiguration;
			buildSettings = {
				ASSETCATALOG_COMPILER_APPICON_NAME = AppIcon;
				ASSETCATALOG_COMPILER_GLOBAL_ACCENT_COLOR_NAME = AccentColor;
				CODE_SIGN_STYLE = Automatic;
				CURRENT_PROJECT_VERSION = 1;
				DEVELOPMENT_TEAM = "";
				GENERATE_INFOPLIST_FILE = YES;
				INFOPLIST_FILE = BookApp/Info.plist;
				INFOPLIST_KEY_UIApplicationSupportsIndirectInputEvents = YES;
				INFOPLIST_KEY_UILaunchStoryboardName = LaunchScreen;
				INFOPLIST_KEY_UIMainStoryboardFile = Main;
				INFOPLIST_KEY_UISupportedInterfaceOrientations_iPad = "UIInterfaceOrientationPortrait UIInterfaceOrientationPortraitUpsideDown UIInterfaceOrientationLandscapeLeft UIInterfaceOrientationLandscapeRight";
				INFOPLIST_KEY_UISupportedInterfaceOrientations_iPhone = "UIInterfaceOrientationPortrait UIInterfaceOrientationLandscapeLeft UIInterfaceOrientationLandscapeRight";
				LD_RUNPATH_SEARCH_PATHS = (
					"$(inherited)",
					"@executable_path/Frameworks",
				);
				MARKETING_VERSION = 1.0;
				PRODUCT_BUNDLE_IDENTIFIER = com.app.BookApp;
				PRODUCT_NAME = "$(TARGET_NAME)";
				SWIFT_EMIT_LOC_STRINGS = YES;
				SWIFT_VERSION = 5.0;
				TARGETED_DEVICE_FAMILY = "1,2";
			};
			name = Debug;
		};
		F12F34082BE9131100D4FE63 /* Release */ = {
			isa = XCBuildConfiguration;
			buildSettings = {
				ASSETCATALOG_COMPILER_APPICON_NAME = AppIcon;
				ASSETCATALOG_COMPILER_GLOBAL_ACCENT_COLOR_NAME = AccentColor;
				CODE_SIGN_STYLE = Automatic;
				CURRENT_PROJECT_VERSION = 1;
				DEVELOPMENT_TEAM = "";
				GENERATE_INFOPLIST_FILE = YES;
				INFOPLIST_FILE = BookApp/Info.plist;
				INFOPLIST_KEY_UIApplicationSupportsIndirectInputEvents = YES;
				INFOPLIST_KEY_UILaunchStoryboardName = LaunchScreen;
				INFOPLIST_KEY_UIMainStoryboardFile = Main;
				INFOPLIST_KEY_UISupportedInterfaceOrientations_iPad = "UIInterfaceOrientationPortrait UIInterfaceOrientationPortraitUpsideDown UIInterfaceOrientationLandscapeLeft UIInterfaceOrientationLandscapeRight";
				INFOPLIST_KEY_UISupportedInterfaceOrientations_iPhone = "UIInterfaceOrientationPortrait UIInterfaceOrientationLandscapeLeft UIInterfaceOrientationLandscapeRight";
				LD_RUNPATH_SEARCH_PATHS = (
					"$(inherited)",
					"@executable_path/Frameworks",
				);
				MARKETING_VERSION = 1.0;
				PRODUCT_BUNDLE_IDENTIFIER = com.app.BookApp;
				PRODUCT_NAME = "$(TARGET_NAME)";
				SWIFT_EMIT_LOC_STRINGS = YES;
				SWIFT_VERSION = 5.0;
				TARGETED_DEVICE_FAMILY = "1,2";
			};
			name = Release;
		};
/* End XCBuildConfiguration section */

/* Begin XCConfigurationList section */
		F12F33EA2BE9130F00D4FE63 /* Build configuration list for PBXProject "BookApp" */ = {
			isa = XCConfigurationList;
			buildConfigurations = (
				F12F34042BE9131100D4FE63 /* Debug */,
				F12F34052BE9131100D4FE63 /* Release */,
			);
			defaultConfigurationIsVisible = 0;
			defaultConfigurationName = Release;
		};
		F12F34062BE9131100D4FE63 /* Build configuration list for PBXNativeTarget "BookApp" */ = {
			isa = XCConfigurationList;
			buildConfigurations = (
				F12F34072BE9131100D4FE63 /* Debug */,
				F12F34082BE9131100D4FE63 /* Release */,
			);
			defaultConfigurationIsVisible = 0;
			defaultConfigurationName = Release;
		};
/* End XCConfigurationList section */

/* Begin XCRemoteSwiftPackageReference section */
		F12F34112BE913FA00D4FE63 /* XCRemoteSwiftPackageReference "SnapKit" */ = {
			isa = XCRemoteSwiftPackageReference;
			repositoryURL = "https://github.com/SnapKit/SnapKit";
			requirement = {
				kind = upToNextMajorVersion;
				minimumVersion = 5.7.1;
			};
		};
/* End XCRemoteSwiftPackageReference section */

/* Begin XCSwiftPackageProductDependency section */
		F12F34122BE913FA00D4FE63 /* SnapKit */ = {
			isa = XCSwiftPackageProductDependency;
			package = F12F34112BE913FA00D4FE63 /* XCRemoteSwiftPackageReference "SnapKit" */;
			productName = SnapKit;
		};
		F12F34142BE913FA00D4FE63 /* SnapKit-Dynamic */ = {
			isa = XCSwiftPackageProductDependency;
			package = F12F34112BE913FA00D4FE63 /* XCRemoteSwiftPackageReference "SnapKit" */;
			productName = "SnapKit-Dynamic";
		};
/* End XCSwiftPackageProductDependency section */

/* Begin XCVersionGroup section */
		F12F33FB2BE9130F00D4FE63 /* BookApp.xcdatamodeld */ = {
			isa = XCVersionGroup;
			children = (
				F12F33FC2BE9130F00D4FE63 /* BookApp.xcdatamodel */,
			);
			currentVersion = F12F33FC2BE9130F00D4FE63 /* BookApp.xcdatamodel */;
			path = BookApp.xcdatamodeld;
			sourceTree = "<group>";
			versionGroupType = wrapper.xcdatamodel;
		};
/* End XCVersionGroup section */
	};
	rootObject = F12F33E72BE9130F00D4FE63 /* Project object */;
}
