// !$*UTF8*$!
{
	archiveVersion = 1;
	classes = {
	};
	objectVersion = 56;
	objects = {

/* Begin PBXBuildFile section */
		F12F7CE82BCFEB1700CFB964 /* Launch Screen.storyboard in Resources */ = {isa = PBXBuildFile; fileRef = F12F7CE72BCFEB1700CFB964 /* Launch Screen.storyboard */; };
		F14304422BC9177D00CA61DA /* AppDelegate.swift in Sources */ = {isa = PBXBuildFile; fileRef = F14304412BC9177D00CA61DA /* AppDelegate.swift */; };
		F14304442BC9177D00CA61DA /* SceneDelegate.swift in Sources */ = {isa = PBXBuildFile; fileRef = F14304432BC9177D00CA61DA /* SceneDelegate.swift */; };
		F14304462BC9177D00CA61DA /* ViewController.swift in Sources */ = {isa = PBXBuildFile; fileRef = F14304452BC9177D00CA61DA /* ViewController.swift */; };
		F14304492BC9177D00CA61DA /* Main.storyboard in Resources */ = {isa = PBXBuildFile; fileRef = F14304472BC9177D00CA61DA /* Main.storyboard */; };
		F143044E2BC9177F00CA61DA /* Assets.xcassets in Resources */ = {isa = PBXBuildFile; fileRef = F143044D2BC9177F00CA61DA /* Assets.xcassets */; };
		F143045A2BC9284A00CA61DA /* Model.xcdatamodeld in Sources */ = {isa = PBXBuildFile; fileRef = F14304582BC9284A00CA61DA /* Model.xcdatamodeld */; };
		F143045D2BC92B9D00CA61DA /* RemoteProduct.swift in Sources */ = {isa = PBXBuildFile; fileRef = F143045C2BC92B9D00CA61DA /* RemoteProduct.swift */; };
		F14304602BC92D2F00CA61DA /* WishListViewController.swift in Sources */ = {isa = PBXBuildFile; fileRef = F143045F2BC92D2F00CA61DA /* WishListViewController.swift */; };
/* End PBXBuildFile section */

/* Begin PBXFileReference section */
		F12F7CE72BCFEB1700CFB964 /* Launch Screen.storyboard */ = {isa = PBXFileReference; lastKnownFileType = file.storyboard; path = "Launch Screen.storyboard"; sourceTree = "<group>"; };
		F143043E2BC9177D00CA61DA /* wishListApp.app */ = {isa = PBXFileReference; explicitFileType = wrapper.application; includeInIndex = 0; path = wishListApp.app; sourceTree = BUILT_PRODUCTS_DIR; };
		F14304412BC9177D00CA61DA /* AppDelegate.swift */ = {isa = PBXFileReference; lastKnownFileType = sourcecode.swift; path = AppDelegate.swift; sourceTree = "<group>"; };
		F14304432BC9177D00CA61DA /* SceneDelegate.swift */ = {isa = PBXFileReference; lastKnownFileType = sourcecode.swift; path = SceneDelegate.swift; sourceTree = "<group>"; };
		F14304452BC9177D00CA61DA /* ViewController.swift */ = {isa = PBXFileReference; lastKnownFileType = sourcecode.swift; path = ViewController.swift; sourceTree = "<group>"; };
		F14304482BC9177D00CA61DA /* Base */ = {isa = PBXFileReference; lastKnownFileType = file.storyboard; name = Base; path = Base.lproj/Main.storyboard; sourceTree = "<group>"; };
		F143044D2BC9177F00CA61DA /* Assets.xcassets */ = {isa = PBXFileReference; lastKnownFileType = folder.assetcatalog; path = Assets.xcassets; sourceTree = "<group>"; };
		F14304522BC9177F00CA61DA /* Info.plist */ = {isa = PBXFileReference; lastKnownFileType = text.plist.xml; path = Info.plist; sourceTree = "<group>"; };
		F14304592BC9284A00CA61DA /* Model.xcdatamodel */ = {isa = PBXFileReference; lastKnownFileType = wrapper.xcdatamodel; path = Model.xcdatamodel; sourceTree = "<group>"; };
		F143045C2BC92B9D00CA61DA /* RemoteProduct.swift */ = {isa = PBXFileReference; lastKnownFileType = sourcecode.swift; path = RemoteProduct.swift; sourceTree = "<group>"; };
		F143045F2BC92D2F00CA61DA /* WishListViewController.swift */ = {isa = PBXFileReference; lastKnownFileType = sourcecode.swift; path = WishListViewController.swift; sourceTree = "<group>"; };
/* End PBXFileReference section */

/* Begin PBXFrameworksBuildPhase section */
		F143043B2BC9177D00CA61DA /* Frameworks */ = {
			isa = PBXFrameworksBuildPhase;
			buildActionMask = 2147483647;
			files = (
			);
			runOnlyForDeploymentPostprocessing = 0;
		};
/* End PBXFrameworksBuildPhase section */

/* Begin PBXGroup section */
		F14304352BC9177D00CA61DA = {
			isa = PBXGroup;
			children = (
				F14304402BC9177D00CA61DA /* wishListApp */,
				F143043F2BC9177D00CA61DA /* Products */,
			);
			sourceTree = "<group>";
		};
		F143043F2BC9177D00CA61DA /* Products */ = {
			isa = PBXGroup;
			children = (
				F143043E2BC9177D00CA61DA /* wishListApp.app */,
			);
			name = Products;
			sourceTree = "<group>";
		};
		F14304402BC9177D00CA61DA /* wishListApp */ = {
			isa = PBXGroup;
			children = (
				F14304412BC9177D00CA61DA /* AppDelegate.swift */,
				F14304432BC9177D00CA61DA /* SceneDelegate.swift */,
				F143045B2BC92B7300CA61DA /* Model */,
				F143045E2BC92CE800CA61DA /* ViewController */,
				F12F7CE72BCFEB1700CFB964 /* Launch Screen.storyboard */,
				F14304472BC9177D00CA61DA /* Main.storyboard */,
				F143044D2BC9177F00CA61DA /* Assets.xcassets */,
				F14304522BC9177F00CA61DA /* Info.plist */,
				F14304582BC9284A00CA61DA /* Model.xcdatamodeld */,
			);
			path = wishListApp;
			sourceTree = "<group>";
		};
		F143045B2BC92B7300CA61DA /* Model */ = {
			isa = PBXGroup;
			children = (
				F143045C2BC92B9D00CA61DA /* RemoteProduct.swift */,
			);
			path = Model;
			sourceTree = "<group>";
		};
		F143045E2BC92CE800CA61DA /* ViewController */ = {
			isa = PBXGroup;
			children = (
				F14304452BC9177D00CA61DA /* ViewController.swift */,
				F143045F2BC92D2F00CA61DA /* WishListViewController.swift */,
			);
			path = ViewController;
			sourceTree = "<group>";
		};
/* End PBXGroup section */

/* Begin PBXNativeTarget section */
		F143043D2BC9177D00CA61DA /* wishListApp */ = {
			isa = PBXNativeTarget;
			buildConfigurationList = F14304552BC9177F00CA61DA /* Build configuration list for PBXNativeTarget "wishListApp" */;
			buildPhases = (
				F143043A2BC9177D00CA61DA /* Sources */,
				F143043B2BC9177D00CA61DA /* Frameworks */,
				F143043C2BC9177D00CA61DA /* Resources */,
			);
			buildRules = (
			);
			dependencies = (
			);
			name = wishListApp;
			productName = wishListApp;
			productReference = F143043E2BC9177D00CA61DA /* wishListApp.app */;
			productType = "com.apple.product-type.application";
		};
/* End PBXNativeTarget section */

/* Begin PBXProject section */
		F14304362BC9177D00CA61DA /* Project object */ = {
			isa = PBXProject;
			attributes = {
				BuildIndependentTargetsInParallel = 1;
				LastSwiftUpdateCheck = 1430;
				LastUpgradeCheck = 1430;
				TargetAttributes = {
					F143043D2BC9177D00CA61DA = {
						CreatedOnToolsVersion = 14.3.1;
					};
				};
			};
			buildConfigurationList = F14304392BC9177D00CA61DA /* Build configuration list for PBXProject "wishListApp" */;
			compatibilityVersion = "Xcode 14.0";
			developmentRegion = en;
			hasScannedForEncodings = 0;
			knownRegions = (
				en,
				Base,
			);
			mainGroup = F14304352BC9177D00CA61DA;
			productRefGroup = F143043F2BC9177D00CA61DA /* Products */;
			projectDirPath = "";
			projectRoot = "";
			targets = (
				F143043D2BC9177D00CA61DA /* wishListApp */,
			);
		};
/* End PBXProject section */

/* Begin PBXResourcesBuildPhase section */
		F143043C2BC9177D00CA61DA /* Resources */ = {
			isa = PBXResourcesBuildPhase;
			buildActionMask = 2147483647;
			files = (
				F143044E2BC9177F00CA61DA /* Assets.xcassets in Resources */,
				F12F7CE82BCFEB1700CFB964 /* Launch Screen.storyboard in Resources */,
				F14304492BC9177D00CA61DA /* Main.storyboard in Resources */,
			);
			runOnlyForDeploymentPostprocessing = 0;
		};
/* End PBXResourcesBuildPhase section */

/* Begin PBXSourcesBuildPhase section */
		F143043A2BC9177D00CA61DA /* Sources */ = {
			isa = PBXSourcesBuildPhase;
			buildActionMask = 2147483647;
			files = (
				F14304462BC9177D00CA61DA /* ViewController.swift in Sources */,
				F14304602BC92D2F00CA61DA /* WishListViewController.swift in Sources */,
				F14304422BC9177D00CA61DA /* AppDelegate.swift in Sources */,
				F14304442BC9177D00CA61DA /* SceneDelegate.swift in Sources */,
				F143045A2BC9284A00CA61DA /* Model.xcdatamodeld in Sources */,
				F143045D2BC92B9D00CA61DA /* RemoteProduct.swift in Sources */,
			);
			runOnlyForDeploymentPostprocessing = 0;
		};
/* End PBXSourcesBuildPhase section */

/* Begin PBXVariantGroup section */
		F14304472BC9177D00CA61DA /* Main.storyboard */ = {
			isa = PBXVariantGroup;
			children = (
				F14304482BC9177D00CA61DA /* Base */,
			);
			name = Main.storyboard;
			sourceTree = "<group>";
		};
/* End PBXVariantGroup section */

/* Begin XCBuildConfiguration section */
		F14304532BC9177F00CA61DA /* Debug */ = {
			isa = XCBuildConfiguration;
			buildSettings = {
				ALWAYS_SEARCH_USER_PATHS = NO;
				CLANG_ANALYZER_NONNULL = YES;
				CLANG_ANALYZER_NUMBER_OBJECT_CONVERSION = YES_AGGRESSIVE;
				CLANG_CXX_LANGUAGE_STANDARD = "gnu++20";
				CLANG_ENABLE_MODULES = YES;
				CLANG_ENABLE_OBJC_ARC = YES;
				CLANG_ENABLE_OBJC_WEAK = YES;
				CLANG_WARN_BLOCK_CAPTURE_AUTORELEASING = YES;
				CLANG_WARN_BOOL_CONVERSION = YES;
				CLANG_WARN_COMMA = YES;
				CLANG_WARN_CONSTANT_CONVERSION = YES;
				CLANG_WARN_DEPRECATED_OBJC_IMPLEMENTATIONS = YES;
				CLANG_WARN_DIRECT_OBJC_ISA_USAGE = YES_ERROR;
				CLANG_WARN_DOCUMENTATION_COMMENTS = YES;
				CLANG_WARN_EMPTY_BODY = YES;
				CLANG_WARN_ENUM_CONVERSION = YES;
				CLANG_WARN_INFINITE_RECURSION = YES;
				CLANG_WARN_INT_CONVERSION = YES;
				CLANG_WARN_NON_LITERAL_NULL_CONVERSION = YES;
				CLANG_WARN_OBJC_IMPLICIT_RETAIN_SELF = YES;
				CLANG_WARN_OBJC_LITERAL_CONVERSION = YES;
				CLANG_WARN_OBJC_ROOT_CLASS = YES_ERROR;
				CLANG_WARN_QUOTED_INCLUDE_IN_FRAMEWORK_HEADER = YES;
				CLANG_WARN_RANGE_LOOP_ANALYSIS = YES;
				CLANG_WARN_STRICT_PROTOTYPES = YES;
				CLANG_WARN_SUSPICIOUS_MOVE = YES;
				CLANG_WARN_UNGUARDED_AVAILABILITY = YES_AGGRESSIVE;
				CLANG_WARN_UNREACHABLE_CODE = YES;
				CLANG_WARN__DUPLICATE_METHOD_MATCH = YES;
				COPY_PHASE_STRIP = NO;
				DEBUG_INFORMATION_FORMAT = dwarf;
				ENABLE_STRICT_OBJC_MSGSEND = YES;
				ENABLE_TESTABILITY = YES;
				GCC_C_LANGUAGE_STANDARD = gnu11;
				GCC_DYNAMIC_NO_PIC = NO;
				GCC_NO_COMMON_BLOCKS = YES;
				GCC_OPTIMIZATION_LEVEL = 0;
				GCC_PREPROCESSOR_DEFINITIONS = (
					"DEBUG=1",
					"$(inherited)",
				);
				GCC_WARN_64_TO_32_BIT_CONVERSION = YES;
				GCC_WARN_ABOUT_RETURN_TYPE = YES_ERROR;
				GCC_WARN_UNDECLARED_SELECTOR = YES;
				GCC_WARN_UNINITIALIZED_AUTOS = YES_AGGRESSIVE;
				GCC_WARN_UNUSED_FUNCTION = YES;
				GCC_WARN_UNUSED_VARIABLE = YES;
				IPHONEOS_DEPLOYMENT_TARGET = 16.4;
				MTL_ENABLE_DEBUG_INFO = INCLUDE_SOURCE;
				MTL_FAST_MATH = YES;
				ONLY_ACTIVE_ARCH = YES;
				SDKROOT = iphoneos;
				SWIFT_ACTIVE_COMPILATION_CONDITIONS = DEBUG;
				SWIFT_OPTIMIZATION_LEVEL = "-Onone";
			};
			name = Debug;
		};
		F14304542BC9177F00CA61DA /* Release */ = {
			isa = XCBuildConfiguration;
			buildSettings = {
				ALWAYS_SEARCH_USER_PATHS = NO;
				CLANG_ANALYZER_NONNULL = YES;
				CLANG_ANALYZER_NUMBER_OBJECT_CONVERSION = YES_AGGRESSIVE;
				CLANG_CXX_LANGUAGE_STANDARD = "gnu++20";
				CLANG_ENABLE_MODULES = YES;
				CLANG_ENABLE_OBJC_ARC = YES;
				CLANG_ENABLE_OBJC_WEAK = YES;
				CLANG_WARN_BLOCK_CAPTURE_AUTORELEASING = YES;
				CLANG_WARN_BOOL_CONVERSION = YES;
				CLANG_WARN_COMMA = YES;
				CLANG_WARN_CONSTANT_CONVERSION = YES;
				CLANG_WARN_DEPRECATED_OBJC_IMPLEMENTATIONS = YES;
				CLANG_WARN_DIRECT_OBJC_ISA_USAGE = YES_ERROR;
				CLANG_WARN_DOCUMENTATION_COMMENTS = YES;
				CLANG_WARN_EMPTY_BODY = YES;
				CLANG_WARN_ENUM_CONVERSION = YES;
				CLANG_WARN_INFINITE_RECURSION = YES;
				CLANG_WARN_INT_CONVERSION = YES;
				CLANG_WARN_NON_LITERAL_NULL_CONVERSION = YES;
				CLANG_WARN_OBJC_IMPLICIT_RETAIN_SELF = YES;
				CLANG_WARN_OBJC_LITERAL_CONVERSION = YES;
				CLANG_WARN_OBJC_ROOT_CLASS = YES_ERROR;
				CLANG_WARN_QUOTED_INCLUDE_IN_FRAMEWORK_HEADER = YES;
				CLANG_WARN_RANGE_LOOP_ANALYSIS = YES;
				CLANG_WARN_STRICT_PROTOTYPES = YES;
				CLANG_WARN_SUSPICIOUS_MOVE = YES;
				CLANG_WARN_UNGUARDED_AVAILABILITY = YES_AGGRESSIVE;
				CLANG_WARN_UNREACHABLE_CODE = YES;
				CLANG_WARN__DUPLICATE_METHOD_MATCH = YES;
				COPY_PHASE_STRIP = NO;
				DEBUG_INFORMATION_FORMAT = "dwarf-with-dsym";
				ENABLE_NS_ASSERTIONS = NO;
				ENABLE_STRICT_OBJC_MSGSEND = YES;
				GCC_C_LANGUAGE_STANDARD = gnu11;
				GCC_NO_COMMON_BLOCKS = YES;
				GCC_WARN_64_TO_32_BIT_CONVERSION = YES;
				GCC_WARN_ABOUT_RETURN_TYPE = YES_ERROR;
				GCC_WARN_UNDECLARED_SELECTOR = YES;
				GCC_WARN_UNINITIALIZED_AUTOS = YES_AGGRESSIVE;
				GCC_WARN_UNUSED_FUNCTION = YES;
				GCC_WARN_UNUSED_VARIABLE = YES;
				IPHONEOS_DEPLOYMENT_TARGET = 16.4;
				MTL_ENABLE_DEBUG_INFO = NO;
				MTL_FAST_MATH = YES;
				SDKROOT = iphoneos;
				SWIFT_COMPILATION_MODE = wholemodule;
				SWIFT_OPTIMIZATION_LEVEL = "-O";
				VALIDATE_PRODUCT = YES;
			};
			name = Release;
		};
		F14304562BC9177F00CA61DA /* Debug */ = {
			isa = XCBuildConfiguration;
			buildSettings = {
				ASSETCATALOG_COMPILER_APPICON_NAME = AppIcon;
				ASSETCATALOG_COMPILER_GLOBAL_ACCENT_COLOR_NAME = AccentColor;
				CODE_SIGN_STYLE = Automatic;
				CURRENT_PROJECT_VERSION = 1;
				GENERATE_INFOPLIST_FILE = YES;
				INFOPLIST_FILE = wishListApp/Info.plist;
				INFOPLIST_KEY_UIApplicationSupportsIndirectInputEvents = YES;
				INFOPLIST_KEY_UILaunchStoryboardName = LaunchScreen;
				INFOPLIST_KEY_UIMainStoryboardFile = Main;
				INFOPLIST_KEY_UISupportedInterfaceOrientations_iPad = "UIInterfaceOrientationPortrait UIInterfaceOrientationPortraitUpsideDown UIInterfaceOrientationLandscapeLeft UIInterfaceOrientationLandscapeRight";
				INFOPLIST_KEY_UISupportedInterfaceOrientations_iPhone = "UIInterfaceOrientationPortrait UIInterfaceOrientationLandscapeLeft UIInterfaceOrientationLandscapeRight";
				LD_RUNPATH_SEARCH_PATHS = (
					"$(inherited)",
					"@executable_path/Frameworks",
				);
				MARKETING_VERSION = 1.0;
				PRODUCT_BUNDLE_IDENTIFIER = com.app.wishListApp;
				PRODUCT_NAME = "$(TARGET_NAME)";
				SWIFT_EMIT_LOC_STRINGS = YES;
				SWIFT_VERSION = 5.0;
				TARGETED_DEVICE_FAMILY = "1,2";
			};
			name = Debug;
		};
		F14304572BC9177F00CA61DA /* Release */ = {
			isa = XCBuildConfiguration;
			buildSettings = {
				ASSETCATALOG_COMPILER_APPICON_NAME = AppIcon;
				ASSETCATALOG_COMPILER_GLOBAL_ACCENT_COLOR_NAME = AccentColor;
				CODE_SIGN_STYLE = Automatic;
				CURRENT_PROJECT_VERSION = 1;
				GENERATE_INFOPLIST_FILE = YES;
				INFOPLIST_FILE = wishListApp/Info.plist;
				INFOPLIST_KEY_UIApplicationSupportsIndirectInputEvents = YES;
				INFOPLIST_KEY_UILaunchStoryboardName = LaunchScreen;
				INFOPLIST_KEY_UIMainStoryboardFile = Main;
				INFOPLIST_KEY_UISupportedInterfaceOrientations_iPad = "UIInterfaceOrientationPortrait UIInterfaceOrientationPortraitUpsideDown UIInterfaceOrientationLandscapeLeft UIInterfaceOrientationLandscapeRight";
				INFOPLIST_KEY_UISupportedInterfaceOrientations_iPhone = "UIInterfaceOrientationPortrait UIInterfaceOrientationLandscapeLeft UIInterfaceOrientationLandscapeRight";
				LD_RUNPATH_SEARCH_PATHS = (
					"$(inherited)",
					"@executable_path/Frameworks",
				);
				MARKETING_VERSION = 1.0;
				PRODUCT_BUNDLE_IDENTIFIER = com.app.wishListApp;
				PRODUCT_NAME = "$(TARGET_NAME)";
				SWIFT_EMIT_LOC_STRINGS = YES;
				SWIFT_VERSION = 5.0;
				TARGETED_DEVICE_FAMILY = "1,2";
			};
			name = Release;
		};
/* End XCBuildConfiguration section */

/* Begin XCConfigurationList section */
		F14304392BC9177D00CA61DA /* Build configuration list for PBXProject "wishListApp" */ = {
			isa = XCConfigurationList;
			buildConfigurations = (
				F14304532BC9177F00CA61DA /* Debug */,
				F14304542BC9177F00CA61DA /* Release */,
			);
			defaultConfigurationIsVisible = 0;
			defaultConfigurationName = Release;
		};
		F14304552BC9177F00CA61DA /* Build configuration list for PBXNativeTarget "wishListApp" */ = {
			isa = XCConfigurationList;
			buildConfigurations = (
				F14304562BC9177F00CA61DA /* Debug */,
				F14304572BC9177F00CA61DA /* Release */,
			);
			defaultConfigurationIsVisible = 0;
			defaultConfigurationName = Release;
		};
/* End XCConfigurationList section */

/* Begin XCVersionGroup section */
		F14304582BC9284A00CA61DA /* Model.xcdatamodeld */ = {
			isa = XCVersionGroup;
			children = (
				F14304592BC9284A00CA61DA /* Model.xcdatamodel */,
			);
			currentVersion = F14304592BC9284A00CA61DA /* Model.xcdatamodel */;
			path = Model.xcdatamodeld;
			sourceTree = "<group>";
			versionGroupType = wrapper.xcdatamodel;
		};
/* End XCVersionGroup section */
	};
	rootObject = F14304362BC9177D00CA61DA /* Project object */;
}
