// !$*UTF8*$!
{
	archiveVersion = 1;
	classes = {
	};
	objectVersion = 56;
	objects = {

/* Begin PBXBuildFile section */
		F1D1A3B82B833406001350A8 /* AppDelegate.swift in Sources */ = {isa = PBXBuildFile; fileRef = F1D1A3B72B833406001350A8 /* AppDelegate.swift */; };
		F1D1A3BA2B833406001350A8 /* SceneDelegate.swift in Sources */ = {isa = PBXBuildFile; fileRef = F1D1A3B92B833406001350A8 /* SceneDelegate.swift */; };
		F1D1A3BC2B833406001350A8 /* ViewController.swift in Sources */ = {isa = PBXBuildFile; fileRef = F1D1A3BB2B833406001350A8 /* ViewController.swift */; };
		F1D1A3BF2B833406001350A8 /* Main.storyboard in Resources */ = {isa = PBXBuildFile; fileRef = F1D1A3BD2B833406001350A8 /* Main.storyboard */; };
		F1D1A3C12B833408001350A8 /* Assets.xcassets in Resources */ = {isa = PBXBuildFile; fileRef = F1D1A3C02B833408001350A8 /* Assets.xcassets */; };
		F1D1A3C42B833408001350A8 /* LaunchScreen.storyboard in Resources */ = {isa = PBXBuildFile; fileRef = F1D1A3C22B833408001350A8 /* LaunchScreen.storyboard */; };
		F1D1A3CF2B833408001350A8 /* MyFileTests.swift in Sources */ = {isa = PBXBuildFile; fileRef = F1D1A3CE2B833408001350A8 /* MyFileTests.swift */; };
		F1D1A3D92B833408001350A8 /* MyFileUITests.swift in Sources */ = {isa = PBXBuildFile; fileRef = F1D1A3D82B833408001350A8 /* MyFileUITests.swift */; };
		F1D1A3DB2B833408001350A8 /* MyFileUITestsLaunchTests.swift in Sources */ = {isa = PBXBuildFile; fileRef = F1D1A3DA2B833408001350A8 /* MyFileUITestsLaunchTests.swift */; };
/* End PBXBuildFile section */

/* Begin PBXContainerItemProxy section */
		F1D1A3CB2B833408001350A8 /* PBXContainerItemProxy */ = {
			isa = PBXContainerItemProxy;
			containerPortal = F1D1A3AC2B833406001350A8 /* Project object */;
			proxyType = 1;
			remoteGlobalIDString = F1D1A3B32B833406001350A8;
			remoteInfo = MyFile;
		};
		F1D1A3D52B833408001350A8 /* PBXContainerItemProxy */ = {
			isa = PBXContainerItemProxy;
			containerPortal = F1D1A3AC2B833406001350A8 /* Project object */;
			proxyType = 1;
			remoteGlobalIDString = F1D1A3B32B833406001350A8;
			remoteInfo = MyFile;
		};
/* End PBXContainerItemProxy section */

/* Begin PBXFileReference section */
		F1D1A3B42B833406001350A8 /* MyFile.app */ = {isa = PBXFileReference; explicitFileType = wrapper.application; includeInIndex = 0; path = MyFile.app; sourceTree = BUILT_PRODUCTS_DIR; };
		F1D1A3B72B833406001350A8 /* AppDelegate.swift */ = {isa = PBXFileReference; lastKnownFileType = sourcecode.swift; path = AppDelegate.swift; sourceTree = "<group>"; };
		F1D1A3B92B833406001350A8 /* SceneDelegate.swift */ = {isa = PBXFileReference; lastKnownFileType = sourcecode.swift; path = SceneDelegate.swift; sourceTree = "<group>"; };
		F1D1A3BB2B833406001350A8 /* ViewController.swift */ = {isa = PBXFileReference; lastKnownFileType = sourcecode.swift; path = ViewController.swift; sourceTree = "<group>"; };
		F1D1A3BE2B833406001350A8 /* Base */ = {isa = PBXFileReference; lastKnownFileType = file.storyboard; name = Base; path = Base.lproj/Main.storyboard; sourceTree = "<group>"; };
		F1D1A3C02B833408001350A8 /* Assets.xcassets */ = {isa = PBXFileReference; lastKnownFileType = folder.assetcatalog; path = Assets.xcassets; sourceTree = "<group>"; };
		F1D1A3C32B833408001350A8 /* Base */ = {isa = PBXFileReference; lastKnownFileType = file.storyboard; name = Base; path = Base.lproj/LaunchScreen.storyboard; sourceTree = "<group>"; };
		F1D1A3C52B833408001350A8 /* Info.plist */ = {isa = PBXFileReference; lastKnownFileType = text.plist.xml; path = Info.plist; sourceTree = "<group>"; };
		F1D1A3CA2B833408001350A8 /* MyFileTests.xctest */ = {isa = PBXFileReference; explicitFileType = wrapper.cfbundle; includeInIndex = 0; path = MyFileTests.xctest; sourceTree = BUILT_PRODUCTS_DIR; };
		F1D1A3CE2B833408001350A8 /* MyFileTests.swift */ = {isa = PBXFileReference; lastKnownFileType = sourcecode.swift; path = MyFileTests.swift; sourceTree = "<group>"; };
		F1D1A3D42B833408001350A8 /* MyFileUITests.xctest */ = {isa = PBXFileReference; explicitFileType = wrapper.cfbundle; includeInIndex = 0; path = MyFileUITests.xctest; sourceTree = BUILT_PRODUCTS_DIR; };
		F1D1A3D82B833408001350A8 /* MyFileUITests.swift */ = {isa = PBXFileReference; lastKnownFileType = sourcecode.swift; path = MyFileUITests.swift; sourceTree = "<group>"; };
		F1D1A3DA2B833408001350A8 /* MyFileUITestsLaunchTests.swift */ = {isa = PBXFileReference; lastKnownFileType = sourcecode.swift; path = MyFileUITestsLaunchTests.swift; sourceTree = "<group>"; };
/* End PBXFileReference section */

/* Begin PBXFrameworksBuildPhase section */
		F1D1A3B12B833406001350A8 /* Frameworks */ = {
			isa = PBXFrameworksBuildPhase;
			buildActionMask = 2147483647;
			files = (
			);
			runOnlyForDeploymentPostprocessing = 0;
		};
		F1D1A3C72B833408001350A8 /* Frameworks */ = {
			isa = PBXFrameworksBuildPhase;
			buildActionMask = 2147483647;
			files = (
			);
			runOnlyForDeploymentPostprocessing = 0;
		};
		F1D1A3D12B833408001350A8 /* Frameworks */ = {
			isa = PBXFrameworksBuildPhase;
			buildActionMask = 2147483647;
			files = (
			);
			runOnlyForDeploymentPostprocessing = 0;
		};
/* End PBXFrameworksBuildPhase section */

/* Begin PBXGroup section */
		F1D1A3AB2B833406001350A8 = {
			isa = PBXGroup;
			children = (
				F1D1A3B62B833406001350A8 /* MyFile */,
				F1D1A3CD2B833408001350A8 /* MyFileTests */,
				F1D1A3D72B833408001350A8 /* MyFileUITests */,
				F1D1A3B52B833406001350A8 /* Products */,
			);
			sourceTree = "<group>";
		};
		F1D1A3B52B833406001350A8 /* Products */ = {
			isa = PBXGroup;
			children = (
				F1D1A3B42B833406001350A8 /* MyFile.app */,
				F1D1A3CA2B833408001350A8 /* MyFileTests.xctest */,
				F1D1A3D42B833408001350A8 /* MyFileUITests.xctest */,
			);
			name = Products;
			sourceTree = "<group>";
		};
		F1D1A3B62B833406001350A8 /* MyFile */ = {
			isa = PBXGroup;
			children = (
				F1D1A3B72B833406001350A8 /* AppDelegate.swift */,
				F1D1A3B92B833406001350A8 /* SceneDelegate.swift */,
				F1D1A3BB2B833406001350A8 /* ViewController.swift */,
				F1D1A3BD2B833406001350A8 /* Main.storyboard */,
				F1D1A3C02B833408001350A8 /* Assets.xcassets */,
				F1D1A3C22B833408001350A8 /* LaunchScreen.storyboard */,
				F1D1A3C52B833408001350A8 /* Info.plist */,
			);
			path = MyFile;
			sourceTree = "<group>";
		};
		F1D1A3CD2B833408001350A8 /* MyFileTests */ = {
			isa = PBXGroup;
			children = (
				F1D1A3CE2B833408001350A8 /* MyFileTests.swift */,
			);
			path = MyFileTests;
			sourceTree = "<group>";
		};
		F1D1A3D72B833408001350A8 /* MyFileUITests */ = {
			isa = PBXGroup;
			children = (
				F1D1A3D82B833408001350A8 /* MyFileUITests.swift */,
				F1D1A3DA2B833408001350A8 /* MyFileUITestsLaunchTests.swift */,
			);
			path = MyFileUITests;
			sourceTree = "<group>";
		};
/* End PBXGroup section */

/* Begin PBXNativeTarget section */
		F1D1A3B32B833406001350A8 /* MyFile */ = {
			isa = PBXNativeTarget;
			buildConfigurationList = F1D1A3DE2B833408001350A8 /* Build configuration list for PBXNativeTarget "MyFile" */;
			buildPhases = (
				F1D1A3B02B833406001350A8 /* Sources */,
				F1D1A3B12B833406001350A8 /* Frameworks */,
				F1D1A3B22B833406001350A8 /* Resources */,
			);
			buildRules = (
			);
			dependencies = (
			);
			name = MyFile;
			productName = MyFile;
			productReference = F1D1A3B42B833406001350A8 /* MyFile.app */;
			productType = "com.apple.product-type.application";
		};
		F1D1A3C92B833408001350A8 /* MyFileTests */ = {
			isa = PBXNativeTarget;
			buildConfigurationList = F1D1A3E12B833408001350A8 /* Build configuration list for PBXNativeTarget "MyFileTests" */;
			buildPhases = (
				F1D1A3C62B833408001350A8 /* Sources */,
				F1D1A3C72B833408001350A8 /* Frameworks */,
				F1D1A3C82B833408001350A8 /* Resources */,
			);
			buildRules = (
			);
			dependencies = (
				F1D1A3CC2B833408001350A8 /* PBXTargetDependency */,
			);
			name = MyFileTests;
			productName = MyFileTests;
			productReference = F1D1A3CA2B833408001350A8 /* MyFileTests.xctest */;
			productType = "com.apple.product-type.bundle.unit-test";
		};
		F1D1A3D32B833408001350A8 /* MyFileUITests */ = {
			isa = PBXNativeTarget;
			buildConfigurationList = F1D1A3E42B833408001350A8 /* Build configuration list for PBXNativeTarget "MyFileUITests" */;
			buildPhases = (
				F1D1A3D02B833408001350A8 /* Sources */,
				F1D1A3D12B833408001350A8 /* Frameworks */,
				F1D1A3D22B833408001350A8 /* Resources */,
			);
			buildRules = (
			);
			dependencies = (
				F1D1A3D62B833408001350A8 /* PBXTargetDependency */,
			);
			name = MyFileUITests;
			productName = MyFileUITests;
			productReference = F1D1A3D42B833408001350A8 /* MyFileUITests.xctest */;
			productType = "com.apple.product-type.bundle.ui-testing";
		};
/* End PBXNativeTarget section */

/* Begin PBXProject section */
		F1D1A3AC2B833406001350A8 /* Project object */ = {
			isa = PBXProject;
			attributes = {
				BuildIndependentTargetsInParallel = 1;
				LastSwiftUpdateCheck = 1430;
				LastUpgradeCheck = 1430;
				TargetAttributes = {
					F1D1A3B32B833406001350A8 = {
						CreatedOnToolsVersion = 14.3.1;
					};
					F1D1A3C92B833408001350A8 = {
						CreatedOnToolsVersion = 14.3.1;
						TestTargetID = F1D1A3B32B833406001350A8;
					};
					F1D1A3D32B833408001350A8 = {
						CreatedOnToolsVersion = 14.3.1;
						TestTargetID = F1D1A3B32B833406001350A8;
					};
				};
			};
			buildConfigurationList = F1D1A3AF2B833406001350A8 /* Build configuration list for PBXProject "MyFile" */;
			compatibilityVersion = "Xcode 14.0";
			developmentRegion = en;
			hasScannedForEncodings = 0;
			knownRegions = (
				en,
				Base,
			);
			mainGroup = F1D1A3AB2B833406001350A8;
			productRefGroup = F1D1A3B52B833406001350A8 /* Products */;
			projectDirPath = "";
			projectRoot = "";
			targets = (
				F1D1A3B32B833406001350A8 /* MyFile */,
				F1D1A3C92B833408001350A8 /* MyFileTests */,
				F1D1A3D32B833408001350A8 /* MyFileUITests */,
			);
		};
/* End PBXProject section */

/* Begin PBXResourcesBuildPhase section */
		F1D1A3B22B833406001350A8 /* Resources */ = {
			isa = PBXResourcesBuildPhase;
			buildActionMask = 2147483647;
			files = (
				F1D1A3C42B833408001350A8 /* LaunchScreen.storyboard in Resources */,
				F1D1A3C12B833408001350A8 /* Assets.xcassets in Resources */,
				F1D1A3BF2B833406001350A8 /* Main.storyboard in Resources */,
			);
			runOnlyForDeploymentPostprocessing = 0;
		};
		F1D1A3C82B833408001350A8 /* Resources */ = {
			isa = PBXResourcesBuildPhase;
			buildActionMask = 2147483647;
			files = (
			);
			runOnlyForDeploymentPostprocessing = 0;
		};
		F1D1A3D22B833408001350A8 /* Resources */ = {
			isa = PBXResourcesBuildPhase;
			buildActionMask = 2147483647;
			files = (
			);
			runOnlyForDeploymentPostprocessing = 0;
		};
/* End PBXResourcesBuildPhase section */

/* Begin PBXSourcesBuildPhase section */
		F1D1A3B02B833406001350A8 /* Sources */ = {
			isa = PBXSourcesBuildPhase;
			buildActionMask = 2147483647;
			files = (
				F1D1A3BC2B833406001350A8 /* ViewController.swift in Sources */,
				F1D1A3B82B833406001350A8 /* AppDelegate.swift in Sources */,
				F1D1A3BA2B833406001350A8 /* SceneDelegate.swift in Sources */,
			);
			runOnlyForDeploymentPostprocessing = 0;
		};
		F1D1A3C62B833408001350A8 /* Sources */ = {
			isa = PBXSourcesBuildPhase;
			buildActionMask = 2147483647;
			files = (
				F1D1A3CF2B833408001350A8 /* MyFileTests.swift in Sources */,
			);
			runOnlyForDeploymentPostprocessing = 0;
		};
		F1D1A3D02B833408001350A8 /* Sources */ = {
			isa = PBXSourcesBuildPhase;
			buildActionMask = 2147483647;
			files = (
				F1D1A3DB2B833408001350A8 /* MyFileUITestsLaunchTests.swift in Sources */,
				F1D1A3D92B833408001350A8 /* MyFileUITests.swift in Sources */,
			);
			runOnlyForDeploymentPostprocessing = 0;
		};
/* End PBXSourcesBuildPhase section */

/* Begin PBXTargetDependency section */
		F1D1A3CC2B833408001350A8 /* PBXTargetDependency */ = {
			isa = PBXTargetDependency;
			target = F1D1A3B32B833406001350A8 /* MyFile */;
			targetProxy = F1D1A3CB2B833408001350A8 /* PBXContainerItemProxy */;
		};
		F1D1A3D62B833408001350A8 /* PBXTargetDependency */ = {
			isa = PBXTargetDependency;
			target = F1D1A3B32B833406001350A8 /* MyFile */;
			targetProxy = F1D1A3D52B833408001350A8 /* PBXContainerItemProxy */;
		};
/* End PBXTargetDependency section */

/* Begin PBXVariantGroup section */
		F1D1A3BD2B833406001350A8 /* Main.storyboard */ = {
			isa = PBXVariantGroup;
			children = (
				F1D1A3BE2B833406001350A8 /* Base */,
			);
			name = Main.storyboard;
			sourceTree = "<group>";
		};
		F1D1A3C22B833408001350A8 /* LaunchScreen.storyboard */ = {
			isa = PBXVariantGroup;
			children = (
				F1D1A3C32B833408001350A8 /* Base */,
			);
			name = LaunchScreen.storyboard;
			sourceTree = "<group>";
		};
/* End PBXVariantGroup section */

/* Begin XCBuildConfiguration section */
		F1D1A3DC2B833408001350A8 /* Debug */ = {
			isa = XCBuildConfiguration;
			buildSettings = {
				ALWAYS_SEARCH_USER_PATHS = NO;
				CLANG_ANALYZER_NONNULL = YES;
				CLANG_ANALYZER_NUMBER_OBJECT_CONVERSION = YES_AGGRESSIVE;
				CLANG_CXX_LANGUAGE_STANDARD = "gnu++20";
				CLANG_ENABLE_MODULES = YES;
				CLANG_ENABLE_OBJC_ARC = YES;
				CLANG_ENABLE_OBJC_WEAK = YES;
				CLANG_WARN_BLOCK_CAPTURE_AUTORELEASING = YES;
				CLANG_WARN_BOOL_CONVERSION = YES;
				CLANG_WARN_COMMA = YES;
				CLANG_WARN_CONSTANT_CONVERSION = YES;
				CLANG_WARN_DEPRECATED_OBJC_IMPLEMENTATIONS = YES;
				CLANG_WARN_DIRECT_OBJC_ISA_USAGE = YES_ERROR;
				CLANG_WARN_DOCUMENTATION_COMMENTS = YES;
				CLANG_WARN_EMPTY_BODY = YES;
				CLANG_WARN_ENUM_CONVERSION = YES;
				CLANG_WARN_INFINITE_RECURSION = YES;
				CLANG_WARN_INT_CONVERSION = YES;
				CLANG_WARN_NON_LITERAL_NULL_CONVERSION = YES;
				CLANG_WARN_OBJC_IMPLICIT_RETAIN_SELF = YES;
				CLANG_WARN_OBJC_LITERAL_CONVERSION = YES;
				CLANG_WARN_OBJC_ROOT_CLASS = YES_ERROR;
				CLANG_WARN_QUOTED_INCLUDE_IN_FRAMEWORK_HEADER = YES;
				CLANG_WARN_RANGE_LOOP_ANALYSIS = YES;
				CLANG_WARN_STRICT_PROTOTYPES = YES;
				CLANG_WARN_SUSPICIOUS_MOVE = YES;
				CLANG_WARN_UNGUARDED_AVAILABILITY = YES_AGGRESSIVE;
				CLANG_WARN_UNREACHABLE_CODE = YES;
				CLANG_WARN__DUPLICATE_METHOD_MATCH = YES;
				COPY_PHASE_STRIP = NO;
				DEBUG_INFORMATION_FORMAT = dwarf;
				ENABLE_STRICT_OBJC_MSGSEND = YES;
				ENABLE_TESTABILITY = YES;
				GCC_C_LANGUAGE_STANDARD = gnu11;
				GCC_DYNAMIC_NO_PIC = NO;
				GCC_NO_COMMON_BLOCKS = YES;
				GCC_OPTIMIZATION_LEVEL = 0;
				GCC_PREPROCESSOR_DEFINITIONS = (
					"DEBUG=1",
					"$(inherited)",
				);
				GCC_WARN_64_TO_32_BIT_CONVERSION = YES;
				GCC_WARN_ABOUT_RETURN_TYPE = YES_ERROR;
				GCC_WARN_UNDECLARED_SELECTOR = YES;
				GCC_WARN_UNINITIALIZED_AUTOS = YES_AGGRESSIVE;
				GCC_WARN_UNUSED_FUNCTION = YES;
				GCC_WARN_UNUSED_VARIABLE = YES;
				IPHONEOS_DEPLOYMENT_TARGET = 16.4;
				MTL_ENABLE_DEBUG_INFO = INCLUDE_SOURCE;
				MTL_FAST_MATH = YES;
				ONLY_ACTIVE_ARCH = YES;
				SDKROOT = iphoneos;
				SWIFT_ACTIVE_COMPILATION_CONDITIONS = DEBUG;
				SWIFT_OPTIMIZATION_LEVEL = "-Onone";
			};
			name = Debug;
		};
		F1D1A3DD2B833408001350A8 /* Release */ = {
			isa = XCBuildConfiguration;
			buildSettings = {
				ALWAYS_SEARCH_USER_PATHS = NO;
				CLANG_ANALYZER_NONNULL = YES;
				CLANG_ANALYZER_NUMBER_OBJECT_CONVERSION = YES_AGGRESSIVE;
				CLANG_CXX_LANGUAGE_STANDARD = "gnu++20";
				CLANG_ENABLE_MODULES = YES;
				CLANG_ENABLE_OBJC_ARC = YES;
				CLANG_ENABLE_OBJC_WEAK = YES;
				CLANG_WARN_BLOCK_CAPTURE_AUTORELEASING = YES;
				CLANG_WARN_BOOL_CONVERSION = YES;
				CLANG_WARN_COMMA = YES;
				CLANG_WARN_CONSTANT_CONVERSION = YES;
				CLANG_WARN_DEPRECATED_OBJC_IMPLEMENTATIONS = YES;
				CLANG_WARN_DIRECT_OBJC_ISA_USAGE = YES_ERROR;
				CLANG_WARN_DOCUMENTATION_COMMENTS = YES;
				CLANG_WARN_EMPTY_BODY = YES;
				CLANG_WARN_ENUM_CONVERSION = YES;
				CLANG_WARN_INFINITE_RECURSION = YES;
				CLANG_WARN_INT_CONVERSION = YES;
				CLANG_WARN_NON_LITERAL_NULL_CONVERSION = YES;
				CLANG_WARN_OBJC_IMPLICIT_RETAIN_SELF = YES;
				CLANG_WARN_OBJC_LITERAL_CONVERSION = YES;
				CLANG_WARN_OBJC_ROOT_CLASS = YES_ERROR;
				CLANG_WARN_QUOTED_INCLUDE_IN_FRAMEWORK_HEADER = YES;
				CLANG_WARN_RANGE_LOOP_ANALYSIS = YES;
				CLANG_WARN_STRICT_PROTOTYPES = YES;
				CLANG_WARN_SUSPICIOUS_MOVE = YES;
				CLANG_WARN_UNGUARDED_AVAILABILITY = YES_AGGRESSIVE;
				CLANG_WARN_UNREACHABLE_CODE = YES;
				CLANG_WARN__DUPLICATE_METHOD_MATCH = YES;
				COPY_PHASE_STRIP = NO;
				DEBUG_INFORMATION_FORMAT = "dwarf-with-dsym";
				ENABLE_NS_ASSERTIONS = NO;
				ENABLE_STRICT_OBJC_MSGSEND = YES;
				GCC_C_LANGUAGE_STANDARD = gnu11;
				GCC_NO_COMMON_BLOCKS = YES;
				GCC_WARN_64_TO_32_BIT_CONVERSION = YES;
				GCC_WARN_ABOUT_RETURN_TYPE = YES_ERROR;
				GCC_WARN_UNDECLARED_SELECTOR = YES;
				GCC_WARN_UNINITIALIZED_AUTOS = YES_AGGRESSIVE;
				GCC_WARN_UNUSED_FUNCTION = YES;
				GCC_WARN_UNUSED_VARIABLE = YES;
				IPHONEOS_DEPLOYMENT_TARGET = 16.4;
				MTL_ENABLE_DEBUG_INFO = NO;
				MTL_FAST_MATH = YES;
				SDKROOT = iphoneos;
				SWIFT_COMPILATION_MODE = wholemodule;
				SWIFT_OPTIMIZATION_LEVEL = "-O";
				VALIDATE_PRODUCT = YES;
			};
			name = Release;
		};
		F1D1A3DF2B833408001350A8 /* Debug */ = {
			isa = XCBuildConfiguration;
			buildSettings = {
				ASSETCATALOG_COMPILER_APPICON_NAME = AppIcon;
				ASSETCATALOG_COMPILER_GLOBAL_ACCENT_COLOR_NAME = AccentColor;
				CODE_SIGN_STYLE = Automatic;
				CURRENT_PROJECT_VERSION = 1;
				GENERATE_INFOPLIST_FILE = YES;
				INFOPLIST_FILE = MyFile/Info.plist;
				INFOPLIST_KEY_UIApplicationSupportsIndirectInputEvents = YES;
				INFOPLIST_KEY_UILaunchStoryboardName = LaunchScreen;
				INFOPLIST_KEY_UIMainStoryboardFile = Main;
				INFOPLIST_KEY_UISupportedInterfaceOrientations_iPad = "UIInterfaceOrientationPortrait UIInterfaceOrientationPortraitUpsideDown UIInterfaceOrientationLandscapeLeft UIInterfaceOrientationLandscapeRight";
				INFOPLIST_KEY_UISupportedInterfaceOrientations_iPhone = "UIInterfaceOrientationPortrait UIInterfaceOrientationLandscapeLeft UIInterfaceOrientationLandscapeRight";
				LD_RUNPATH_SEARCH_PATHS = (
					"$(inherited)",
					"@executable_path/Frameworks",
				);
				MARKETING_VERSION = 1.0;
				PRODUCT_BUNDLE_IDENTIFIER = dd.MyFile;
				PRODUCT_NAME = "$(TARGET_NAME)";
				SWIFT_EMIT_LOC_STRINGS = YES;
				SWIFT_VERSION = 5.0;
				TARGETED_DEVICE_FAMILY = "1,2";
			};
			name = Debug;
		};
		F1D1A3E02B833408001350A8 /* Release */ = {
			isa = XCBuildConfiguration;
			buildSettings = {
				ASSETCATALOG_COMPILER_APPICON_NAME = AppIcon;
				ASSETCATALOG_COMPILER_GLOBAL_ACCENT_COLOR_NAME = AccentColor;
				CODE_SIGN_STYLE = Automatic;
				CURRENT_PROJECT_VERSION = 1;
				GENERATE_INFOPLIST_FILE = YES;
				INFOPLIST_FILE = MyFile/Info.plist;
				INFOPLIST_KEY_UIApplicationSupportsIndirectInputEvents = YES;
				INFOPLIST_KEY_UILaunchStoryboardName = LaunchScreen;
				INFOPLIST_KEY_UIMainStoryboardFile = Main;
				INFOPLIST_KEY_UISupportedInterfaceOrientations_iPad = "UIInterfaceOrientationPortrait UIInterfaceOrientationPortraitUpsideDown UIInterfaceOrientationLandscapeLeft UIInterfaceOrientationLandscapeRight";
				INFOPLIST_KEY_UISupportedInterfaceOrientations_iPhone = "UIInterfaceOrientationPortrait UIInterfaceOrientationLandscapeLeft UIInterfaceOrientationLandscapeRight";
				LD_RUNPATH_SEARCH_PATHS = (
					"$(inherited)",
					"@executable_path/Frameworks",
				);
				MARKETING_VERSION = 1.0;
				PRODUCT_BUNDLE_IDENTIFIER = dd.MyFile;
				PRODUCT_NAME = "$(TARGET_NAME)";
				SWIFT_EMIT_LOC_STRINGS = YES;
				SWIFT_VERSION = 5.0;
				TARGETED_DEVICE_FAMILY = "1,2";
			};
			name = Release;
		};
		F1D1A3E22B833408001350A8 /* Debug */ = {
			isa = XCBuildConfiguration;
			buildSettings = {
				ALWAYS_EMBED_SWIFT_STANDARD_LIBRARIES = YES;
				BUNDLE_LOADER = "$(TEST_HOST)";
				CODE_SIGN_STYLE = Automatic;
				CURRENT_PROJECT_VERSION = 1;
				GENERATE_INFOPLIST_FILE = YES;
				IPHONEOS_DEPLOYMENT_TARGET = 16.4;
				MARKETING_VERSION = 1.0;
				PRODUCT_BUNDLE_IDENTIFIER = dd.MyFileTests;
				PRODUCT_NAME = "$(TARGET_NAME)";
				SWIFT_EMIT_LOC_STRINGS = NO;
				SWIFT_VERSION = 5.0;
				TARGETED_DEVICE_FAMILY = "1,2";
				TEST_HOST = "$(BUILT_PRODUCTS_DIR)/MyFile.app/$(BUNDLE_EXECUTABLE_FOLDER_PATH)/MyFile";
			};
			name = Debug;
		};
		F1D1A3E32B833408001350A8 /* Release */ = {
			isa = XCBuildConfiguration;
			buildSettings = {
				ALWAYS_EMBED_SWIFT_STANDARD_LIBRARIES = YES;
				BUNDLE_LOADER = "$(TEST_HOST)";
				CODE_SIGN_STYLE = Automatic;
				CURRENT_PROJECT_VERSION = 1;
				GENERATE_INFOPLIST_FILE = YES;
				IPHONEOS_DEPLOYMENT_TARGET = 16.4;
				MARKETING_VERSION = 1.0;
				PRODUCT_BUNDLE_IDENTIFIER = dd.MyFileTests;
				PRODUCT_NAME = "$(TARGET_NAME)";
				SWIFT_EMIT_LOC_STRINGS = NO;
				SWIFT_VERSION = 5.0;
				TARGETED_DEVICE_FAMILY = "1,2";
				TEST_HOST = "$(BUILT_PRODUCTS_DIR)/MyFile.app/$(BUNDLE_EXECUTABLE_FOLDER_PATH)/MyFile";
			};
			name = Release;
		};
		F1D1A3E52B833408001350A8 /* Debug */ = {
			isa = XCBuildConfiguration;
			buildSettings = {
				ALWAYS_EMBED_SWIFT_STANDARD_LIBRARIES = YES;
				CODE_SIGN_STYLE = Automatic;
				CURRENT_PROJECT_VERSION = 1;
				GENERATE_INFOPLIST_FILE = YES;
				MARKETING_VERSION = 1.0;
				PRODUCT_BUNDLE_IDENTIFIER = dd.MyFileUITests;
				PRODUCT_NAME = "$(TARGET_NAME)";
				SWIFT_EMIT_LOC_STRINGS = NO;
				SWIFT_VERSION = 5.0;
				TARGETED_DEVICE_FAMILY = "1,2";
				TEST_TARGET_NAME = MyFile;
			};
			name = Debug;
		};
		F1D1A3E62B833408001350A8 /* Release */ = {
			isa = XCBuildConfiguration;
			buildSettings = {
				ALWAYS_EMBED_SWIFT_STANDARD_LIBRARIES = YES;
				CODE_SIGN_STYLE = Automatic;
				CURRENT_PROJECT_VERSION = 1;
				GENERATE_INFOPLIST_FILE = YES;
				MARKETING_VERSION = 1.0;
				PRODUCT_BUNDLE_IDENTIFIER = dd.MyFileUITests;
				PRODUCT_NAME = "$(TARGET_NAME)";
				SWIFT_EMIT_LOC_STRINGS = NO;
				SWIFT_VERSION = 5.0;
				TARGETED_DEVICE_FAMILY = "1,2";
				TEST_TARGET_NAME = MyFile;
			};
			name = Release;
		};
/* End XCBuildConfiguration section */

/* Begin XCConfigurationList section */
		F1D1A3AF2B833406001350A8 /* Build configuration list for PBXProject "MyFile" */ = {
			isa = XCConfigurationList;
			buildConfigurations = (
				F1D1A3DC2B833408001350A8 /* Debug */,
				F1D1A3DD2B833408001350A8 /* Release */,
			);
			defaultConfigurationIsVisible = 0;
			defaultConfigurationName = Release;
		};
		F1D1A3DE2B833408001350A8 /* Build configuration list for PBXNativeTarget "MyFile" */ = {
			isa = XCConfigurationList;
			buildConfigurations = (
				F1D1A3DF2B833408001350A8 /* Debug */,
				F1D1A3E02B833408001350A8 /* Release */,
			);
			defaultConfigurationIsVisible = 0;
			defaultConfigurationName = Release;
		};
		F1D1A3E12B833408001350A8 /* Build configuration list for PBXNativeTarget "MyFileTests" */ = {
			isa = XCConfigurationList;
			buildConfigurations = (
				F1D1A3E22B833408001350A8 /* Debug */,
				F1D1A3E32B833408001350A8 /* Release */,
			);
			defaultConfigurationIsVisible = 0;
			defaultConfigurationName = Release;
		};
		F1D1A3E42B833408001350A8 /* Build configuration list for PBXNativeTarget "MyFileUITests" */ = {
			isa = XCConfigurationList;
			buildConfigurations = (
				F1D1A3E52B833408001350A8 /* Debug */,
				F1D1A3E62B833408001350A8 /* Release */,
			);
			defaultConfigurationIsVisible = 0;
			defaultConfigurationName = Release;
		};
/* End XCConfigurationList section */
	};
	rootObject = F1D1A3AC2B833406001350A8 /* Project object */;
}
